// !$*UTF8*$!
{
	archiveVersion = 1;
	classes = {
	};
	objectVersion = 77;
	objects = {

/* Begin PBXBuildFile section */
		3DA2F8932E1CFB69003884E3 /* .swiftlint.yml in Resources */ = {isa = PBXBuildFile; fileRef = 3DA2F8922E1CFB69003884E3 /* .swiftlint.yml */; };
		3DBE46192E28BA0E005B80D0 /* WidgetKit.framework in Frameworks */ = {isa = PBXBuildFile; fileRef = 3DBE46182E28BA0E005B80D0 /* WidgetKit.framework */; };
		3DBE461B2E28BA0E005B80D0 /* SwiftUI.framework in Frameworks */ = {isa = PBXBuildFile; fileRef = 3DBE461A2E28BA0E005B80D0 /* SwiftUI.framework */; };
		3DBE46262E28BA10005B80D0 /* FFIPWidgetExtension.appex in Embed Foundation Extensions */ = {isa = PBXBuildFile; fileRef = 3DBE46162E28BA0E005B80D0 /* FFIPWidgetExtension.appex */; settings = {ATTRIBUTES = (RemoveHeadersOnCopy, ); }; };
		EDC1D8352E38E11100A88BC7 /* Lottie in Frameworks */ = {isa = PBXBuildFile; productRef = EDC1D8342E38E11100A88BC7 /* Lottie */; };
/* End PBXBuildFile section */

/* Begin PBXContainerItemProxy section */
		3DBE46242E28BA10005B80D0 /* PBXContainerItemProxy */ = {
			isa = PBXContainerItemProxy;
			containerPortal = 3DA2F81A2E1CC6F5003884E3 /* Project object */;
			proxyType = 1;
			remoteGlobalIDString = 3DBE46152E28BA0E005B80D0;
			remoteInfo = FFIPWidgetExtension;
		};
/* End PBXContainerItemProxy section */

/* Begin PBXCopyFilesBuildPhase section */
		3DBE46272E28BA10005B80D0 /* Embed Foundation Extensions */ = {
			isa = PBXCopyFilesBuildPhase;
			buildActionMask = 2147483647;
			dstPath = "";
			dstSubfolderSpec = 13;
			files = (
				3DBE46262E28BA10005B80D0 /* FFIPWidgetExtension.appex in Embed Foundation Extensions */,
			);
			name = "Embed Foundation Extensions";
			runOnlyForDeploymentPostprocessing = 0;
		};
/* End PBXCopyFilesBuildPhase section */

/* Begin PBXFileReference section */
		3DA2F8222E1CC6F5003884E3 /* FFIP-iOS.app */ = {isa = PBXFileReference; explicitFileType = wrapper.application; includeInIndex = 0; path = "FFIP-iOS.app"; sourceTree = BUILT_PRODUCTS_DIR; };
		3DA2F8922E1CFB69003884E3 /* .swiftlint.yml */ = {isa = PBXFileReference; lastKnownFileType = text.yaml; path = .swiftlint.yml; sourceTree = "<group>"; };
		3DBE46162E28BA0E005B80D0 /* FFIPWidgetExtension.appex */ = {isa = PBXFileReference; explicitFileType = "wrapper.app-extension"; includeInIndex = 0; path = FFIPWidgetExtension.appex; sourceTree = BUILT_PRODUCTS_DIR; };
		3DBE46182E28BA0E005B80D0 /* WidgetKit.framework */ = {isa = PBXFileReference; lastKnownFileType = wrapper.framework; name = WidgetKit.framework; path = System/Library/Frameworks/WidgetKit.framework; sourceTree = SDKROOT; };
		3DBE461A2E28BA0E005B80D0 /* SwiftUI.framework */ = {isa = PBXFileReference; lastKnownFileType = wrapper.framework; name = SwiftUI.framework; path = System/Library/Frameworks/SwiftUI.framework; sourceTree = SDKROOT; };
/* End PBXFileReference section */

/* Begin PBXFileSystemSynchronizedBuildFileExceptionSet section */
		3D5C66D72E26A923000EDA97 /* Exceptions for "FFIP-iOS" folder in "FFIP-iOS" target */ = {
			isa = PBXFileSystemSynchronizedBuildFileExceptionSet;
			membershipExceptions = (
				Info.plist,
			);
			target = 3DA2F8212E1CC6F5003884E3 /* FFIP-iOS */;
		};
		3DBE462B2E28BA10005B80D0 /* Exceptions for "FFIPWidget" folder in "FFIPWidgetExtension" target */ = {
			isa = PBXFileSystemSynchronizedBuildFileExceptionSet;
			membershipExceptions = (
				Info.plist,
			);
			target = 3DBE46152E28BA0E005B80D0 /* FFIPWidgetExtension */;
		};
		3DBE462D2E28BAE9005B80D0 /* Exceptions for "FFIP-iOS" folder in "FFIPWidgetExtension" target */ = {
			isa = PBXFileSystemSynchronizedBuildFileExceptionSet;
			membershipExceptions = (
				Resources/Assets.xcassets,
				Resources/Colors.xcassets,
				"Resources/Fonts/Pretendard-SemiBold.otf",
				Resources/Literals/URL.swift,
				Resources/Localizable.xcstrings,
			);
			target = 3DBE46152E28BA0E005B80D0 /* FFIPWidgetExtension */;
		};
/* End PBXFileSystemSynchronizedBuildFileExceptionSet section */

/* Begin PBXFileSystemSynchronizedRootGroup section */
		3DA2F8242E1CC6F5003884E3 /* FFIP-iOS */ = {
			isa = PBXFileSystemSynchronizedRootGroup;
			exceptions = (
				3D5C66D72E26A923000EDA97 /* Exceptions for "FFIP-iOS" folder in "FFIP-iOS" target */,
				3DBE462D2E28BAE9005B80D0 /* Exceptions for "FFIP-iOS" folder in "FFIPWidgetExtension" target */,
			);
			path = "FFIP-iOS";
			sourceTree = "<group>";
		};
		3DBE461C2E28BA0E005B80D0 /* FFIPWidget */ = {
			isa = PBXFileSystemSynchronizedRootGroup;
			exceptions = (
				3DBE462B2E28BA10005B80D0 /* Exceptions for "FFIPWidget" folder in "FFIPWidgetExtension" target */,
			);
			path = FFIPWidget;
			sourceTree = "<group>";
		};
/* End PBXFileSystemSynchronizedRootGroup section */

/* Begin PBXFrameworksBuildPhase section */
		3DA2F81F2E1CC6F5003884E3 /* Frameworks */ = {
			isa = PBXFrameworksBuildPhase;
			buildActionMask = 2147483647;
			files = (
				EDC1D8352E38E11100A88BC7 /* Lottie in Frameworks */,
			);
			runOnlyForDeploymentPostprocessing = 0;
		};
		3DBE46132E28BA0E005B80D0 /* Frameworks */ = {
			isa = PBXFrameworksBuildPhase;
			buildActionMask = 2147483647;
			files = (
				3DBE461B2E28BA0E005B80D0 /* SwiftUI.framework in Frameworks */,
				3DBE46192E28BA0E005B80D0 /* WidgetKit.framework in Frameworks */,
			);
			runOnlyForDeploymentPostprocessing = 0;
		};
/* End PBXFrameworksBuildPhase section */

/* Begin PBXGroup section */
		3DA2F8192E1CC6F5003884E3 = {
			isa = PBXGroup;
			children = (
				3DA2F8922E1CFB69003884E3 /* .swiftlint.yml */,
				3DA2F8242E1CC6F5003884E3 /* FFIP-iOS */,
				3DBE461C2E28BA0E005B80D0 /* FFIPWidget */,
				3DBE46172E28BA0E005B80D0 /* Frameworks */,
				3DA2F8232E1CC6F5003884E3 /* Products */,
			);
			sourceTree = "<group>";
		};
		3DA2F8232E1CC6F5003884E3 /* Products */ = {
			isa = PBXGroup;
			children = (
				3DA2F8222E1CC6F5003884E3 /* FFIP-iOS.app */,
				3DBE46162E28BA0E005B80D0 /* FFIPWidgetExtension.appex */,
			);
			name = Products;
			sourceTree = "<group>";
		};
		3DBE46172E28BA0E005B80D0 /* Frameworks */ = {
			isa = PBXGroup;
			children = (
				3DBE46182E28BA0E005B80D0 /* WidgetKit.framework */,
				3DBE461A2E28BA0E005B80D0 /* SwiftUI.framework */,
			);
			name = Frameworks;
			sourceTree = "<group>";
		};
/* End PBXGroup section */

/* Begin PBXNativeTarget section */
		3DA2F8212E1CC6F5003884E3 /* FFIP-iOS */ = {
			isa = PBXNativeTarget;
			buildConfigurationList = 3DA2F82F2E1CC6F7003884E3 /* Build configuration list for PBXNativeTarget "FFIP-iOS" */;
			buildPhases = (
				3DA2F81E2E1CC6F5003884E3 /* Sources */,
				3DA2F81F2E1CC6F5003884E3 /* Frameworks */,
				3DA2F8202E1CC6F5003884E3 /* Resources */,
				3DA2F8962E1CFBA6003884E3 /* ShellScript */,
				3DBE46272E28BA10005B80D0 /* Embed Foundation Extensions */,
			);
			buildRules = (
			);
			dependencies = (
				3DBE46252E28BA10005B80D0 /* PBXTargetDependency */,
			);
			fileSystemSynchronizedGroups = (
				3DA2F8242E1CC6F5003884E3 /* FFIP-iOS */,
			);
			name = "FFIP-iOS";
			packageProductDependencies = (
				EDC1D8342E38E11100A88BC7 /* Lottie */,
			);
			productName = "FFIP-iOS";
			productReference = 3DA2F8222E1CC6F5003884E3 /* FFIP-iOS.app */;
			productType = "com.apple.product-type.application";
		};
		3DBE46152E28BA0E005B80D0 /* FFIPWidgetExtension */ = {
			isa = PBXNativeTarget;
			buildConfigurationList = 3DBE462A2E28BA10005B80D0 /* Build configuration list for PBXNativeTarget "FFIPWidgetExtension" */;
			buildPhases = (
				3DBE46122E28BA0E005B80D0 /* Sources */,
				3DBE46132E28BA0E005B80D0 /* Frameworks */,
				3DBE46142E28BA0E005B80D0 /* Resources */,
			);
			buildRules = (
			);
			dependencies = (
			);
			fileSystemSynchronizedGroups = (
				3DBE461C2E28BA0E005B80D0 /* FFIPWidget */,
			);
			name = FFIPWidgetExtension;
			packageProductDependencies = (
			);
			productName = FFIPWidgetExtension;
			productReference = 3DBE46162E28BA0E005B80D0 /* FFIPWidgetExtension.appex */;
			productType = "com.apple.product-type.app-extension";
		};
/* End PBXNativeTarget section */

/* Begin PBXProject section */
		3DA2F81A2E1CC6F5003884E3 /* Project object */ = {
			isa = PBXProject;
			attributes = {
				BuildIndependentTargetsInParallel = 1;
				LastSwiftUpdateCheck = 2600;
				LastUpgradeCheck = 2600;
				TargetAttributes = {
					3DA2F8212E1CC6F5003884E3 = {
						CreatedOnToolsVersion = 26.0;
					};
					3DBE46152E28BA0E005B80D0 = {
						CreatedOnToolsVersion = 26.0;
					};
				};
			};
			buildConfigurationList = 3DA2F81D2E1CC6F5003884E3 /* Build configuration list for PBXProject "FFIP-iOS" */;
			developmentRegion = en;
			hasScannedForEncodings = 0;
			knownRegions = (
				en,
				Base,
				ko,
			);
			mainGroup = 3DA2F8192E1CC6F5003884E3;
			minimizedProjectReferenceProxies = 1;
			packageReferences = (
				EDC1D8332E38E11100A88BC7 /* XCRemoteSwiftPackageReference "lottie-ios" */,
			);
			preferredProjectObjectVersion = 77;
			productRefGroup = 3DA2F8232E1CC6F5003884E3 /* Products */;
			projectDirPath = "";
			projectRoot = "";
			targets = (
				3DA2F8212E1CC6F5003884E3 /* FFIP-iOS */,
				3DBE46152E28BA0E005B80D0 /* FFIPWidgetExtension */,
			);
		};
/* End PBXProject section */

/* Begin PBXResourcesBuildPhase section */
		3DA2F8202E1CC6F5003884E3 /* Resources */ = {
			isa = PBXResourcesBuildPhase;
			buildActionMask = 2147483647;
			files = (
				3DA2F8932E1CFB69003884E3 /* .swiftlint.yml in Resources */,
			);
			runOnlyForDeploymentPostprocessing = 0;
		};
		3DBE46142E28BA0E005B80D0 /* Resources */ = {
			isa = PBXResourcesBuildPhase;
			buildActionMask = 2147483647;
			files = (
			);
			runOnlyForDeploymentPostprocessing = 0;
		};
/* End PBXResourcesBuildPhase section */

/* Begin PBXShellScriptBuildPhase section */
		3DA2F8962E1CFBA6003884E3 /* ShellScript */ = {
			isa = PBXShellScriptBuildPhase;
			buildActionMask = 2147483647;
			files = (
			);
			inputFileListPaths = (
			);
			inputPaths = (
			);
			outputFileListPaths = (
			);
			outputPaths = (
			);
			runOnlyForDeploymentPostprocessing = 0;
			shellPath = /bin/sh;
			shellScript = "if [ -x /opt/homebrew/bin/swiftlint ]; then\n  /opt/homebrew/bin/swiftlint\nelse\n  echo \"warning: SwiftLint not installed, download from https://github.com/realm/SwiftLint\"\nfi\n";
		};
/* End PBXShellScriptBuildPhase section */

/* Begin PBXSourcesBuildPhase section */
		3DA2F81E2E1CC6F5003884E3 /* Sources */ = {
			isa = PBXSourcesBuildPhase;
			buildActionMask = 2147483647;
			files = (
			);
			runOnlyForDeploymentPostprocessing = 0;
		};
		3DBE46122E28BA0E005B80D0 /* Sources */ = {
			isa = PBXSourcesBuildPhase;
			buildActionMask = 2147483647;
			files = (
			);
			runOnlyForDeploymentPostprocessing = 0;
		};
/* End PBXSourcesBuildPhase section */

/* Begin PBXTargetDependency section */
		3DBE46252E28BA10005B80D0 /* PBXTargetDependency */ = {
			isa = PBXTargetDependency;
			target = 3DBE46152E28BA0E005B80D0 /* FFIPWidgetExtension */;
			targetProxy = 3DBE46242E28BA10005B80D0 /* PBXContainerItemProxy */;
		};
/* End PBXTargetDependency section */

/* Begin XCBuildConfiguration section */
		3DA2F82D2E1CC6F7003884E3 /* Debug */ = {
			isa = XCBuildConfiguration;
			buildSettings = {
				ALWAYS_SEARCH_USER_PATHS = NO;
				ASSETCATALOG_COMPILER_GENERATE_SWIFT_ASSET_SYMBOL_EXTENSIONS = YES;
				CLANG_ANALYZER_NONNULL = YES;
				CLANG_ANALYZER_NUMBER_OBJECT_CONVERSION = YES_AGGRESSIVE;
				CLANG_CXX_LANGUAGE_STANDARD = "gnu++20";
				CLANG_ENABLE_MODULES = YES;
				CLANG_ENABLE_OBJC_ARC = YES;
				CLANG_ENABLE_OBJC_WEAK = YES;
				CLANG_WARN_BLOCK_CAPTURE_AUTORELEASING = YES;
				CLANG_WARN_BOOL_CONVERSION = YES;
				CLANG_WARN_COMMA = YES;
				CLANG_WARN_CONSTANT_CONVERSION = YES;
				CLANG_WARN_DEPRECATED_OBJC_IMPLEMENTATIONS = YES;
				CLANG_WARN_DIRECT_OBJC_ISA_USAGE = YES_ERROR;
				CLANG_WARN_DOCUMENTATION_COMMENTS = YES;
				CLANG_WARN_EMPTY_BODY = YES;
				CLANG_WARN_ENUM_CONVERSION = YES;
				CLANG_WARN_INFINITE_RECURSION = YES;
				CLANG_WARN_INT_CONVERSION = YES;
				CLANG_WARN_NON_LITERAL_NULL_CONVERSION = YES;
				CLANG_WARN_OBJC_IMPLICIT_RETAIN_SELF = YES;
				CLANG_WARN_OBJC_LITERAL_CONVERSION = YES;
				CLANG_WARN_OBJC_ROOT_CLASS = YES_ERROR;
				CLANG_WARN_QUOTED_INCLUDE_IN_FRAMEWORK_HEADER = YES;
				CLANG_WARN_RANGE_LOOP_ANALYSIS = YES;
				CLANG_WARN_STRICT_PROTOTYPES = YES;
				CLANG_WARN_SUSPICIOUS_MOVE = YES;
				CLANG_WARN_UNGUARDED_AVAILABILITY = YES_AGGRESSIVE;
				CLANG_WARN_UNREACHABLE_CODE = YES;
				CLANG_WARN__DUPLICATE_METHOD_MATCH = YES;
				COPY_PHASE_STRIP = NO;
				DEBUG_INFORMATION_FORMAT = dwarf;
				DEVELOPMENT_TEAM = JF6B89ULG6;
				ENABLE_STRICT_OBJC_MSGSEND = YES;
				ENABLE_TESTABILITY = YES;
				ENABLE_USER_SCRIPT_SANDBOXING = YES;
				GCC_C_LANGUAGE_STANDARD = gnu17;
				GCC_DYNAMIC_NO_PIC = NO;
				GCC_NO_COMMON_BLOCKS = YES;
				GCC_OPTIMIZATION_LEVEL = 0;
				GCC_PREPROCESSOR_DEFINITIONS = (
					"DEBUG=1",
					"$(inherited)",
				);
				GCC_WARN_64_TO_32_BIT_CONVERSION = YES;
				GCC_WARN_ABOUT_RETURN_TYPE = YES_ERROR;
				GCC_WARN_UNDECLARED_SELECTOR = YES;
				GCC_WARN_UNINITIALIZED_AUTOS = YES_AGGRESSIVE;
				GCC_WARN_UNUSED_FUNCTION = YES;
				GCC_WARN_UNUSED_VARIABLE = YES;
				IPHONEOS_DEPLOYMENT_TARGET = 26.0;
				LOCALIZATION_PREFERS_STRING_CATALOGS = YES;
				MTL_ENABLE_DEBUG_INFO = INCLUDE_SOURCE;
				MTL_FAST_MATH = YES;
				ONLY_ACTIVE_ARCH = YES;
				SDKROOT = iphoneos;
				SWIFT_ACTIVE_COMPILATION_CONDITIONS = "DEBUG $(inherited)";
				SWIFT_EMIT_LOC_STRINGS = YES;
				SWIFT_OPTIMIZATION_LEVEL = "-Onone";
			};
			name = Debug;
		};
		3DA2F82E2E1CC6F7003884E3 /* Release */ = {
			isa = XCBuildConfiguration;
			buildSettings = {
				ALWAYS_SEARCH_USER_PATHS = NO;
				ASSETCATALOG_COMPILER_GENERATE_SWIFT_ASSET_SYMBOL_EXTENSIONS = YES;
				CLANG_ANALYZER_NONNULL = YES;
				CLANG_ANALYZER_NUMBER_OBJECT_CONVERSION = YES_AGGRESSIVE;
				CLANG_CXX_LANGUAGE_STANDARD = "gnu++20";
				CLANG_ENABLE_MODULES = YES;
				CLANG_ENABLE_OBJC_ARC = YES;
				CLANG_ENABLE_OBJC_WEAK = YES;
				CLANG_WARN_BLOCK_CAPTURE_AUTORELEASING = YES;
				CLANG_WARN_BOOL_CONVERSION = YES;
				CLANG_WARN_COMMA = YES;
				CLANG_WARN_CONSTANT_CONVERSION = YES;
				CLANG_WARN_DEPRECATED_OBJC_IMPLEMENTATIONS = YES;
				CLANG_WARN_DIRECT_OBJC_ISA_USAGE = YES_ERROR;
				CLANG_WARN_DOCUMENTATION_COMMENTS = YES;
				CLANG_WARN_EMPTY_BODY = YES;
				CLANG_WARN_ENUM_CONVERSION = YES;
				CLANG_WARN_INFINITE_RECURSION = YES;
				CLANG_WARN_INT_CONVERSION = YES;
				CLANG_WARN_NON_LITERAL_NULL_CONVERSION = YES;
				CLANG_WARN_OBJC_IMPLICIT_RETAIN_SELF = YES;
				CLANG_WARN_OBJC_LITERAL_CONVERSION = YES;
				CLANG_WARN_OBJC_ROOT_CLASS = YES_ERROR;
				CLANG_WARN_QUOTED_INCLUDE_IN_FRAMEWORK_HEADER = YES;
				CLANG_WARN_RANGE_LOOP_ANALYSIS = YES;
				CLANG_WARN_STRICT_PROTOTYPES = YES;
				CLANG_WARN_SUSPICIOUS_MOVE = YES;
				CLANG_WARN_UNGUARDED_AVAILABILITY = YES_AGGRESSIVE;
				CLANG_WARN_UNREACHABLE_CODE = YES;
				CLANG_WARN__DUPLICATE_METHOD_MATCH = YES;
				COPY_PHASE_STRIP = NO;
				DEBUG_INFORMATION_FORMAT = "dwarf-with-dsym";
				DEVELOPMENT_TEAM = JF6B89ULG6;
				ENABLE_NS_ASSERTIONS = NO;
				ENABLE_STRICT_OBJC_MSGSEND = YES;
				ENABLE_USER_SCRIPT_SANDBOXING = YES;
				GCC_C_LANGUAGE_STANDARD = gnu17;
				GCC_NO_COMMON_BLOCKS = YES;
				GCC_WARN_64_TO_32_BIT_CONVERSION = YES;
				GCC_WARN_ABOUT_RETURN_TYPE = YES_ERROR;
				GCC_WARN_UNDECLARED_SELECTOR = YES;
				GCC_WARN_UNINITIALIZED_AUTOS = YES_AGGRESSIVE;
				GCC_WARN_UNUSED_FUNCTION = YES;
				GCC_WARN_UNUSED_VARIABLE = YES;
				IPHONEOS_DEPLOYMENT_TARGET = 26.0;
				LOCALIZATION_PREFERS_STRING_CATALOGS = YES;
				MTL_ENABLE_DEBUG_INFO = NO;
				MTL_FAST_MATH = YES;
				SDKROOT = iphoneos;
				SWIFT_COMPILATION_MODE = wholemodule;
				SWIFT_EMIT_LOC_STRINGS = YES;
				VALIDATE_PRODUCT = YES;
			};
			name = Release;
		};
		3DA2F8302E1CC6F7003884E3 /* Debug */ = {
			isa = XCBuildConfiguration;
			buildSettings = {
				ASSETCATALOG_COMPILER_APPICON_NAME = AppIcon;
				ASSETCATALOG_COMPILER_GLOBAL_ACCENT_COLOR_NAME = AccentColor;
				CODE_SIGN_STYLE = Automatic;
				CURRENT_PROJECT_VERSION = 1;
				DEVELOPMENT_TEAM = JF6B89ULG6;
				ENABLE_PREVIEWS = YES;
				ENABLE_USER_SCRIPT_SANDBOXING = NO;
				GENERATE_INFOPLIST_FILE = YES;
				INFOPLIST_FILE = "FFIP-iOS/Info.plist";
				INFOPLIST_KEY_CFBundleDisplayName = "FF!p";
				INFOPLIST_KEY_LSApplicationCategoryType = "public.app-category.utilities";
				INFOPLIST_KEY_NSCameraUsageDescription = "FFIP requires access to your camera to capture photos.";
				INFOPLIST_KEY_NSMicrophoneUsageDescription = "FFIP needs access to your microphone so you can speak your search.";
				INFOPLIST_KEY_NSSpeechRecognitionUsageDescription = "FFIP uses speech recognition to turn your voice into text within the app.";
				INFOPLIST_KEY_UIApplicationSceneManifest_Generation = YES;
				INFOPLIST_KEY_UIApplicationSupportsIndirectInputEvents = YES;
				INFOPLIST_KEY_UILaunchScreen_Generation = YES;
				INFOPLIST_KEY_UISupportedInterfaceOrientations = UIInterfaceOrientationPortrait;
				INFOPLIST_KEY_UISupportedInterfaceOrientations_iPad = "UIInterfaceOrientationLandscapeLeft UIInterfaceOrientationLandscapeRight UIInterfaceOrientationPortrait UIInterfaceOrientationPortraitUpsideDown";
				IPHONEOS_DEPLOYMENT_TARGET = 18.0;
				LD_RUNPATH_SEARCH_PATHS = (
					"$(inherited)",
					"@executable_path/Frameworks",
				);
				MARKETING_VERSION = 1.0.0;
				PRODUCT_BUNDLE_IDENTIFIER = "TeamVisonable.FFIP-iOS";
				PRODUCT_NAME = "$(TARGET_NAME)";
				STRING_CATALOG_GENERATE_SYMBOLS = YES;
				SWIFT_DEFAULT_ACTOR_ISOLATION = MainActor;
				SWIFT_EMIT_LOC_STRINGS = YES;
				SWIFT_UPCOMING_FEATURE_MEMBER_IMPORT_VISIBILITY = YES;
				SWIFT_VERSION = 6.0;
				TARGETED_DEVICE_FAMILY = "1,2";
			};
			name = Debug;
		};
		3DA2F8312E1CC6F7003884E3 /* Release */ = {
			isa = XCBuildConfiguration;
			buildSettings = {
				ASSETCATALOG_COMPILER_APPICON_NAME = AppIcon;
				ASSETCATALOG_COMPILER_GLOBAL_ACCENT_COLOR_NAME = AccentColor;
				CODE_SIGN_STYLE = Automatic;
				CURRENT_PROJECT_VERSION = 1;
				DEVELOPMENT_TEAM = JF6B89ULG6;
				ENABLE_PREVIEWS = YES;
				ENABLE_USER_SCRIPT_SANDBOXING = NO;
				GENERATE_INFOPLIST_FILE = YES;
				INFOPLIST_FILE = "FFIP-iOS/Info.plist";
				INFOPLIST_KEY_CFBundleDisplayName = "FF!p";
				INFOPLIST_KEY_LSApplicationCategoryType = "public.app-category.utilities";
				INFOPLIST_KEY_NSCameraUsageDescription = "FFIP requires access to your camera to capture photos.";
				INFOPLIST_KEY_NSMicrophoneUsageDescription = "FFIP needs access to your microphone so you can speak your search.";
				INFOPLIST_KEY_NSSpeechRecognitionUsageDescription = "FFIP uses speech recognition to turn your voice into text within the app.";
				INFOPLIST_KEY_UIApplicationSceneManifest_Generation = YES;
				INFOPLIST_KEY_UIApplicationSupportsIndirectInputEvents = YES;
				INFOPLIST_KEY_UILaunchScreen_Generation = YES;
				INFOPLIST_KEY_UISupportedInterfaceOrientations = UIInterfaceOrientationPortrait;
				INFOPLIST_KEY_UISupportedInterfaceOrientations_iPad = "UIInterfaceOrientationLandscapeLeft UIInterfaceOrientationLandscapeRight UIInterfaceOrientationPortrait UIInterfaceOrientationPortraitUpsideDown";
				IPHONEOS_DEPLOYMENT_TARGET = 18.0;
				LD_RUNPATH_SEARCH_PATHS = (
					"$(inherited)",
					"@executable_path/Frameworks",
				);
				MARKETING_VERSION = 1.0.0;
				PRODUCT_BUNDLE_IDENTIFIER = "TeamVisonable.FFIP-iOS";
				PRODUCT_NAME = "$(TARGET_NAME)";
				STRING_CATALOG_GENERATE_SYMBOLS = YES;
				SWIFT_DEFAULT_ACTOR_ISOLATION = MainActor;
				SWIFT_EMIT_LOC_STRINGS = YES;
				SWIFT_UPCOMING_FEATURE_MEMBER_IMPORT_VISIBILITY = YES;
				SWIFT_VERSION = 6.0;
				TARGETED_DEVICE_FAMILY = "1,2";
			};
			name = Release;
		};
		3DBE46282E28BA10005B80D0 /* Debug */ = {
			isa = XCBuildConfiguration;
			buildSettings = {
				ASSETCATALOG_COMPILER_GLOBAL_ACCENT_COLOR_NAME = AccentColor;
				ASSETCATALOG_COMPILER_WIDGET_BACKGROUND_COLOR_NAME = WidgetBackground;
				CODE_SIGN_STYLE = Automatic;
				CURRENT_PROJECT_VERSION = 1;
				DEVELOPMENT_TEAM = JF6B89ULG6;
				GENERATE_INFOPLIST_FILE = YES;
				INFOPLIST_FILE = FFIPWidget/Info.plist;
				INFOPLIST_KEY_CFBundleDisplayName = FFIPWidget;
				INFOPLIST_KEY_NSHumanReadableCopyright = "";
				IPHONEOS_DEPLOYMENT_TARGET = 18.0;
				LD_RUNPATH_SEARCH_PATHS = (
					"$(inherited)",
					"@executable_path/Frameworks",
					"@executable_path/../../Frameworks",
				);
				MARKETING_VERSION = 1.0;
				PRODUCT_BUNDLE_IDENTIFIER = "TeamVisonable.FFIP-iOS.FFIPWidgetExtension";
				PRODUCT_NAME = "$(TARGET_NAME)";
				SKIP_INSTALL = YES;
				STRING_CATALOG_GENERATE_SYMBOLS = YES;
				SWIFT_EMIT_LOC_STRINGS = YES;
				SWIFT_UPCOMING_FEATURE_MEMBER_IMPORT_VISIBILITY = YES;
				SWIFT_VERSION = 5.0;
				TARGETED_DEVICE_FAMILY = "1,2";
			};
			name = Debug;
		};
		3DBE46292E28BA10005B80D0 /* Release */ = {
			isa = XCBuildConfiguration;
			buildSettings = {
				ASSETCATALOG_COMPILER_GLOBAL_ACCENT_COLOR_NAME = AccentColor;
				ASSETCATALOG_COMPILER_WIDGET_BACKGROUND_COLOR_NAME = WidgetBackground;
				CODE_SIGN_STYLE = Automatic;
				CURRENT_PROJECT_VERSION = 1;
				DEVELOPMENT_TEAM = JF6B89ULG6;
				GENERATE_INFOPLIST_FILE = YES;
				INFOPLIST_FILE = FFIPWidget/Info.plist;
				INFOPLIST_KEY_CFBundleDisplayName = FFIPWidget;
				INFOPLIST_KEY_NSHumanReadableCopyright = "";
				IPHONEOS_DEPLOYMENT_TARGET = 18.0;
				LD_RUNPATH_SEARCH_PATHS = (
					"$(inherited)",
					"@executable_path/Frameworks",
					"@executable_path/../../Frameworks",
				);
				MARKETING_VERSION = 1.0;
				PRODUCT_BUNDLE_IDENTIFIER = "TeamVisonable.FFIP-iOS.FFIPWidgetExtension";
				PRODUCT_NAME = "$(TARGET_NAME)";
				SKIP_INSTALL = YES;
				STRING_CATALOG_GENERATE_SYMBOLS = YES;
				SWIFT_EMIT_LOC_STRINGS = YES;
				SWIFT_UPCOMING_FEATURE_MEMBER_IMPORT_VISIBILITY = YES;
				SWIFT_VERSION = 5.0;
				TARGETED_DEVICE_FAMILY = "1,2";
			};
			name = Release;
		};
/* End XCBuildConfiguration section */

/* Begin XCConfigurationList section */
		3DA2F81D2E1CC6F5003884E3 /* Build configuration list for PBXProject "FFIP-iOS" */ = {
			isa = XCConfigurationList;
			buildConfigurations = (
				3DA2F82D2E1CC6F7003884E3 /* Debug */,
				3DA2F82E2E1CC6F7003884E3 /* Release */,
			);
			defaultConfigurationIsVisible = 0;
			defaultConfigurationName = Release;
		};
		3DA2F82F2E1CC6F7003884E3 /* Build configuration list for PBXNativeTarget "FFIP-iOS" */ = {
			isa = XCConfigurationList;
			buildConfigurations = (
				3DA2F8302E1CC6F7003884E3 /* Debug */,
				3DA2F8312E1CC6F7003884E3 /* Release */,
			);
			defaultConfigurationIsVisible = 0;
			defaultConfigurationName = Release;
		};
		3DBE462A2E28BA10005B80D0 /* Build configuration list for PBXNativeTarget "FFIPWidgetExtension" */ = {
			isa = XCConfigurationList;
			buildConfigurations = (
				3DBE46282E28BA10005B80D0 /* Debug */,
				3DBE46292E28BA10005B80D0 /* Release */,
			);
			defaultConfigurationIsVisible = 0;
			defaultConfigurationName = Release;
		};
/* End XCConfigurationList section */

/* Begin XCRemoteSwiftPackageReference section */
		EDC1D8332E38E11100A88BC7 /* XCRemoteSwiftPackageReference "lottie-ios" */ = {
			isa = XCRemoteSwiftPackageReference;
			repositoryURL = "https://github.com/airbnb/lottie-ios.git";
			requirement = {
				kind = upToNextMajorVersion;
				minimumVersion = 4.5.2;
			};
		};
/* End XCRemoteSwiftPackageReference section */

/* Begin XCSwiftPackageProductDependency section */
		EDC1D8342E38E11100A88BC7 /* Lottie */ = {
			isa = XCSwiftPackageProductDependency;
			package = EDC1D8332E38E11100A88BC7 /* XCRemoteSwiftPackageReference "lottie-ios" */;
			productName = Lottie;
		};
/* End XCSwiftPackageProductDependency section */
	};
	rootObject = 3DA2F81A2E1CC6F5003884E3 /* Project object */;
}
